
Microsoft Visual Studio Solution File, Format Version 12.00
# Visual Studio Version 16
VisualStudioVersion = 16.0.30320.27
MinimumVisualStudioVersion = 10.0.40219.1
Project("{FAE04EC0-301F-11D3-BF4B-00C04F79EFBC}") = "ASPPIC.Public.Data", "ASPPIC.Public.Data\ASPPIC.Public.Data.csproj", "{55B33459-9648-448E-A019-43C72342EE7C}"
EndProject
Project("{FAE04EC0-301F-11D3-BF4B-00C04F79EFBC}") = "ASPPIC.Public.Domain", "ASPPIC.Public.Domain\ASPPIC.Public.Domain.csproj", "{82985308-3C0D-427E-8ED1-3FB9CA43703F}"
EndProject
Project("{FAE04EC0-301F-11D3-BF4B-00C04F79EFBC}") = "ASPPIC.Public.Web", "ASPPIC.Public.Web\ASPPIC.Public.Web.csproj", "{47036EA4-CDD9-43A6-875F-2957B3CC6875}"
EndProject
Project("{FAE04EC0-301F-11D3-BF4B-00C04F79EFBC}") = "ASPPIC.Public.Business", "ASPPIC.Public.Business\ASPPIC.Public.Business.csproj", "{C0DEAC4D-E6FF-4FD3-8D36-67E33E633797}"
EndProject
Global
	GlobalSection(SolutionConfigurationPlatforms) = preSolution
		Debug|Any CPU = Debug|Any CPU
		Release|Any CPU = Release|Any CPU
	EndGlobalSection
	GlobalSection(ProjectConfigurationPlatforms) = postSolution
		{55B33459-9648-448E-A019-43C72342EE7C}.Debug|Any CPU.ActiveCfg = Debug|Any CPU
		{55B33459-9648-448E-A019-43C72342EE7C}.Debug|Any CPU.Build.0 = Debug|Any CPU
		{55B33459-9648-448E-A019-43C72342EE7C}.Release|Any CPU.ActiveCfg = Release|Any CPU
		{55B33459-9648-448E-A019-43C72342EE7C}.Release|Any CPU.Build.0 = Release|Any CPU
		{82985308-3C0D-427E-8ED1-3FB9CA43703F}.Debug|Any CPU.ActiveCfg = Debug|Any CPU
		{82985308-3C0D-427E-8ED1-3FB9CA43703F}.Debug|Any CPU.Build.0 = Debug|Any CPU
		{82985308-3C0D-427E-8ED1-3FB9CA43703F}.Release|Any CPU.ActiveCfg = Release|Any CPU
		{82985308-3C0D-427E-8ED1-3FB9CA43703F}.Release|Any CPU.Build.0 = Release|Any CPU
		{47036EA4-CDD9-43A6-875F-2957B3CC6875}.Debug|Any CPU.ActiveCfg = Debug|Any CPU
		{47036EA4-CDD9-43A6-875F-2957B3CC6875}.Debug|Any CPU.Build.0 = Debug|Any CPU
		{47036EA4-CDD9-43A6-875F-2957B3CC6875}.Release|Any CPU.ActiveCfg = Release|Any CPU
		{47036EA4-CDD9-43A6-875F-2957B3CC6875}.Release|Any CPU.Build.0 = Release|Any CPU
		{C0DEAC4D-E6FF-4FD3-8D36-67E33E633797}.Debug|Any CPU.ActiveCfg = Debug|Any CPU
		{C0DEAC4D-E6FF-4FD3-8D36-67E33E633797}.Debug|Any CPU.Build.0 = Debug|Any CPU
		{C0DEAC4D-E6FF-4FD3-8D36-67E33E633797}.Release|Any CPU.ActiveCfg = Release|Any CPU
		{C0DEAC4D-E6FF-4FD3-8D36-67E33E633797}.Release|Any CPU.Build.0 = Release|Any CPU
	EndGlobalSection
	GlobalSection(SolutionProperties) = preSolution
		HideSolutionNode = FALSE
	EndGlobalSection
	GlobalSection(ExtensibilityGlobals) = postSolution
		SolutionGuid = {66CD04DE-730E-4268-ABA2-507DA45B9358}
	EndGlobalSection
EndGlobal
